// !$*UTF8*$!
{
	archiveVersion = 1;
	classes = {
	};
	objectVersion = 46;
	objects = {

/* Begin PBXBuildFile section */
		EF92D1F31EC51EE0003CAE67 /* AppDelegate.swift in Sources */ = {isa = PBXBuildFile; fileRef = EF92D1F21EC51EE0003CAE67 /* AppDelegate.swift */; };
		EF92D1F51EC51EE0003CAE67 /* ViewController.swift in Sources */ = {isa = PBXBuildFile; fileRef = EF92D1F41EC51EE0003CAE67 /* ViewController.swift */; };
		EF92D1F81EC51EE0003CAE67 /* Main.storyboard in Resources */ = {isa = PBXBuildFile; fileRef = EF92D1F61EC51EE0003CAE67 /* Main.storyboard */; };
		EF92D1FA1EC51EE1003CAE67 /* Assets.xcassets in Resources */ = {isa = PBXBuildFile; fileRef = EF92D1F91EC51EE1003CAE67 /* Assets.xcassets */; };
		EF92D1FD1EC51EE1003CAE67 /* LaunchScreen.storyboard in Resources */ = {isa = PBXBuildFile; fileRef = EF92D1FB1EC51EE1003CAE67 /* LaunchScreen.storyboard */; };
		EF92D2051EC53916003CAE67 /* NameViewController.swift in Sources */ = {isa = PBXBuildFile; fileRef = EF92D2041EC53916003CAE67 /* NameViewController.swift */; };
/* End PBXBuildFile section */

/* Begin PBXFileReference section */
		EF92D1EF1EC51EE0003CAE67 /* WelcomeApp Clase2.app */ = {isa = PBXFileReference; explicitFileType = wrapper.application; includeInIndex = 0; path = "WelcomeApp Clase2.app"; sourceTree = BUILT_PRODUCTS_DIR; };
		EF92D1F21EC51EE0003CAE67 /* AppDelegate.swift */ = {isa = PBXFileReference; lastKnownFileType = sourcecode.swift; path = AppDelegate.swift; sourceTree = "<group>"; };
		EF92D1F41EC51EE0003CAE67 /* ViewController.swift */ = {isa = PBXFileReference; lastKnownFileType = sourcecode.swift; path = ViewController.swift; sourceTree = "<group>"; };
		EF92D1F71EC51EE0003CAE67 /* Base */ = {isa = PBXFileReference; lastKnownFileType = file.storyboard; name = Base; path = Base.lproj/Main.storyboard; sourceTree = "<group>"; };
		EF92D1F91EC51EE1003CAE67 /* Assets.xcassets */ = {isa = PBXFileReference; lastKnownFileType = folder.assetcatalog; path = Assets.xcassets; sourceTree = "<group>"; };
		EF92D1FC1EC51EE1003CAE67 /* Base */ = {isa = PBXFileReference; lastKnownFileType = file.storyboard; name = Base; path = Base.lproj/LaunchScreen.storyboard; sourceTree = "<group>"; };
		EF92D1FE1EC51EE1003CAE67 /* Info.plist */ = {isa = PBXFileReference; lastKnownFileType = text.plist.xml; path = Info.plist; sourceTree = "<group>"; };
		EF92D2041EC53916003CAE67 /* NameViewController.swift */ = {isa = PBXFileReference; fileEncoding = 4; lastKnownFileType = sourcecode.swift; path = NameViewController.swift; sourceTree = "<group>"; };
/* End PBXFileReference section */

/* Begin PBXFrameworksBuildPhase section */
		EF92D1EC1EC51EE0003CAE67 /* Frameworks */ = {
			isa = PBXFrameworksBuildPhase;
			buildActionMask = 2147483647;
			files = (
			);
			runOnlyForDeploymentPostprocessing = 0;
		};
/* End PBXFrameworksBuildPhase section */

/* Begin PBXGroup section */
		EF92D1E61EC51EE0003CAE67 = {
			isa = PBXGroup;
			children = (
				EF92D1F11EC51EE0003CAE67 /* WelcomeApp Clase2 */,
				EF92D1F01EC51EE0003CAE67 /* Products */,
			);
			sourceTree = "<group>";
		};
		EF92D1F01EC51EE0003CAE67 /* Products */ = {
			isa = PBXGroup;
			children = (
				EF92D1EF1EC51EE0003CAE67 /* WelcomeApp Clase2.app */,
			);
			name = Products;
			sourceTree = "<group>";
		};
		EF92D1F11EC51EE0003CAE67 /* WelcomeApp Clase2 */ = {
			isa = PBXGroup;
			children = (
				EF92D1F21EC51EE0003CAE67 /* AppDelegate.swift */,
				EF92D1F41EC51EE0003CAE67 /* ViewController.swift */,
				EF92D2041EC53916003CAE67 /* NameViewController.swift */,
				EF92D1F61EC51EE0003CAE67 /* Main.storyboard */,
				EF92D1F91EC51EE1003CAE67 /* Assets.xcassets */,
				EF92D1FB1EC51EE1003CAE67 /* LaunchScreen.storyboard */,
				EF92D1FE1EC51EE1003CAE67 /* Info.plist */,
			);
			path = "WelcomeApp Clase2";
			sourceTree = "<group>";
		};
/* End PBXGroup section */

/* Begin PBXNativeTarget section */
		EF92D1EE1EC51EE0003CAE67 /* WelcomeApp Clase2 */ = {
			isa = PBXNativeTarget;
			buildConfigurationList = EF92D2011EC51EE1003CAE67 /* Build configuration list for PBXNativeTarget "WelcomeApp Clase2" */;
			buildPhases = (
				EF92D1EB1EC51EE0003CAE67 /* Sources */,
				EF92D1EC1EC51EE0003CAE67 /* Frameworks */,
				EF92D1ED1EC51EE0003CAE67 /* Resources */,
			);
			buildRules = (
			);
			dependencies = (
			);
			name = "WelcomeApp Clase2";
			productName = "WelcomeApp Clase2";
			productReference = EF92D1EF1EC51EE0003CAE67 /* WelcomeApp Clase2.app */;
			productType = "com.apple.product-type.application";
		};
/* End PBXNativeTarget section */

/* Begin PBXProject section */
		EF92D1E71EC51EE0003CAE67 /* Project object */ = {
			isa = PBXProject;
			attributes = {
				LastSwiftUpdateCheck = 0830;
				LastUpgradeCheck = 0830;
				ORGANIZATIONNAME = "Local User";
				TargetAttributes = {
					EF92D1EE1EC51EE0003CAE67 = {
						CreatedOnToolsVersion = 8.3.2;
						ProvisioningStyle = Automatic;
					};
				};
			};
			buildConfigurationList = EF92D1EA1EC51EE0003CAE67 /* Build configuration list for PBXProject "WelcomeApp Clase2" */;
			compatibilityVersion = "Xcode 3.2";
			developmentRegion = English;
			hasScannedForEncodings = 0;
			knownRegions = (
				en,
				Base,
			);
			mainGroup = EF92D1E61EC51EE0003CAE67;
			productRefGroup = EF92D1F01EC51EE0003CAE67 /* Products */;
			projectDirPath = "";
			projectRoot = "";
			targets = (
				EF92D1EE1EC51EE0003CAE67 /* WelcomeApp Clase2 */,
			);
		};
/* End PBXProject section */

/* Begin PBXResourcesBuildPhase section */
		EF92D1ED1EC51EE0003CAE67 /* Resources */ = {
			isa = PBXResourcesBuildPhase;
			buildActionMask = 2147483647;
			files = (
				EF92D1FD1EC51EE1003CAE67 /* LaunchScreen.storyboard in Resources */,
				EF92D1FA1EC51EE1003CAE67 /* Assets.xcassets in Resources */,
				EF92D1F81EC51EE0003CAE67 /* Main.storyboard in Resources */,
			);
			runOnlyForDeploymentPostprocessing = 0;
		};
/* End PBXResourcesBuildPhase section */

/* Begin PBXSourcesBuildPhase section */
		EF92D1EB1EC51EE0003CAE67 /* Sources */ = {
			isa = PBXSourcesBuildPhase;
			buildActionMask = 2147483647;
			files = (
				EF92D1F51EC51EE0003CAE67 /* ViewController.swift in Sources */,
				EF92D1F31EC51EE0003CAE67 /* AppDelegate.swift in Sources */,
				EF92D2051EC53916003CAE67 /* NameViewController.swift in Sources */,
			);
			runOnlyForDeploymentPostprocessing = 0;
		};
/* End PBXSourcesBuildPhase section */

/* Begin PBXVariantGroup section */
		EF92D1F61EC51EE0003CAE67 /* Main.storyboard */ = {
			isa = PBXVariantGroup;
			children = (
				EF92D1F71EC51EE0003CAE67 /* Base */,
			);
			name = Main.storyboard;
			sourceTree = "<group>";
		};
		EF92D1FB1EC51EE1003CAE67 /* LaunchScreen.storyboard */ = {
			isa = PBXVariantGroup;
			children = (
				EF92D1FC1EC51EE1003CAE67 /* Base */,
			);
			name = LaunchScreen.storyboard;
			sourceTree = "<group>";
		};
/* End PBXVariantGroup section */

/* Begin XCBuildConfiguration section */
		EF92D1FF1EC51EE1003CAE67 /* Debug */ = {
			isa = XCBuildConfiguration;
			buildSettings = {
				ALWAYS_SEARCH_USER_PATHS = NO;
				CLANG_ANALYZER_NONNULL = YES;
				CLANG_ANALYZER_NUMBER_OBJECT_CONVERSION = YES_AGGRESSIVE;
				CLANG_CXX_LANGUAGE_STANDARD = "gnu++0x";
				CLANG_CXX_LIBRARY = "libc++";
				CLANG_ENABLE_MODULES = YES;
				CLANG_ENABLE_OBJC_ARC = YES;
				CLANG_WARN_BOOL_CONVERSION = YES;
				CLANG_WARN_CONSTANT_CONVERSION = YES;
				CLANG_WARN_DIRECT_OBJC_ISA_USAGE = YES_ERROR;
				CLANG_WARN_DOCUMENTATION_COMMENTS = YES;
				CLANG_WARN_EMPTY_BODY = YES;
				CLANG_WARN_ENUM_CONVERSION = YES;
				CLANG_WARN_INFINITE_RECURSION = YES;
				CLANG_WARN_INT_CONVERSION = YES;
				CLANG_WARN_OBJC_ROOT_CLASS = YES_ERROR;
				CLANG_WARN_SUSPICIOUS_MOVE = YES;
				CLANG_WARN_UNREACHABLE_CODE = YES;
				CLANG_WARN__DUPLICATE_METHOD_MATCH = YES;
				"CODE_SIGN_IDENTITY[sdk=iphoneos*]" = "iPhone Developer";
				COPY_PHASE_STRIP = NO;
				DEBUG_INFORMATION_FORMAT = dwarf;
				ENABLE_STRICT_OBJC_MSGSEND = YES;
				ENABLE_TESTABILITY = YES;
				GCC_C_LANGUAGE_STANDARD = gnu99;
				GCC_DYNAMIC_NO_PIC = NO;
				GCC_NO_COMMON_BLOCKS = YES;
				GCC_OPTIMIZATION_LEVEL = 0;
				GCC_PREPROCESSOR_DEFINITIONS = (
					"DEBUG=1",
					"$(inherited)",
				);
				GCC_WARN_64_TO_32_BIT_CONVERSION = YES;
				GCC_WARN_ABOUT_RETURN_TYPE = YES_ERROR;
				GCC_WARN_UNDECLARED_SELECTOR = YES;
				GCC_WARN_UNINITIALIZED_AUTOS = YES_AGGRESSIVE;
				GCC_WARN_UNUSED_FUNCTION = YES;
				GCC_WARN_UNUSED_VARIABLE = YES;
				IPHONEOS_DEPLOYMENT_TARGET = 10.3;
				MTL_ENABLE_DEBUG_INFO = YES;
				ONLY_ACTIVE_ARCH = YES;
				SDKROOT = iphoneos;
				SWIFT_ACTIVE_COMPILATION_CONDITIONS = DEBUG;
				SWIFT_OPTIMIZATION_LEVEL = "-Onone";
				TARGETED_DEVICE_FAMILY = "1,2";
			};
			name = Debug;
		};
		EF92D2001EC51EE1003CAE67 /* Release */ = {
			isa = XCBuildConfiguration;
			buildSettings = {
				ALWAYS_SEARCH_USER_PATHS = NO;
				CLANG_ANALYZER_NONNULL = YES;
				CLANG_ANALYZER_NUMBER_OBJECT_CONVERSION = YES_AGGRESSIVE;
				CLANG_CXX_LANGUAGE_STANDARD = "gnu++0x";
				CLANG_CXX_LIBRARY = "libc++";
				CLANG_ENABLE_MODULES = YES;
				CLANG_ENABLE_OBJC_ARC = YES;
				CLANG_WARN_BOOL_CONVERSION = YES;
				CLANG_WARN_CONSTANT_CONVERSION = YES;
				CLANG_WARN_DIRECT_OBJC_ISA_USAGE = YES_ERROR;
				CLANG_WARN_DOCUMENTATION_COMMENTS = YES;
				CLANG_WARN_EMPTY_BODY = YES;
				CLANG_WARN_ENUM_CONVERSION = YES;
				CLANG_WARN_INFINITE_RECURSION = YES;
				CLANG_WARN_INT_CONVERSION = YES;
				CLANG_WARN_OBJC_ROOT_CLASS = YES_ERROR;
				CLANG_WARN_SUSPICIOUS_MOVE = YES;
				CLANG_WARN_UNREACHABLE_CODE = YES;
				CLANG_WARN__DUPLICATE_METHOD_MATCH = YES;
				"CODE_SIGN_IDENTITY[sdk=iphoneos*]" = "iPhone Developer";
				COPY_PHASE_STRIP = NO;
				DEBUG_INFORMATION_FORMAT = "dwarf-with-dsym";
				ENABLE_NS_ASSERTIONS = NO;
				ENABLE_STRICT_OBJC_MSGSEND = YES;
				GCC_C_LANGUAGE_STANDARD = gnu99;
				GCC_NO_COMMON_BLOCKS = YES;
				GCC_WARN_64_TO_32_BIT_CONVERSION = YES;
				GCC_WARN_ABOUT_RETURN_TYPE = YES_ERROR;
				GCC_WARN_UNDECLARED_SELECTOR = YES;
				GCC_WARN_UNINITIALIZED_AUTOS = YES_AGGRESSIVE;
				GCC_WARN_UNUSED_FUNCTION = YES;
				GCC_WARN_UNUSED_VARIABLE = YES;
				IPHONEOS_DEPLOYMENT_TARGET = 10.3;
				MTL_ENABLE_DEBUG_INFO = NO;
				SDKROOT = iphoneos;
				SWIFT_OPTIMIZATION_LEVEL = "-Owholemodule";
				TARGETED_DEVICE_FAMILY = "1,2";
				VALIDATE_PRODUCT = YES;
			};
			name = Release;
		};
		EF92D2021EC51EE1003CAE67 /* Debug */ = {
			isa = XCBuildConfiguration;
			buildSettings = {
				ASSETCATALOG_COMPILER_APPICON_NAME = AppIcon;
				INFOPLIST_FILE = "WelcomeApp Clase2/Info.plist";
				LD_RUNPATH_SEARCH_PATHS = "$(inherited) @executable_path/Frameworks";
				PRODUCT_BUNDLE_IDENTIFIER = com.impesa.WelcomeApp;
				PRODUCT_NAME = "$(TARGET_NAME)";
				SWIFT_VERSION = 3.0;
				TARGETED_DEVICE_FAMILY = 1;
			};
			name = Debug;
		};
		EF92D2031EC51EE1003CAE67 /* Release */ = {
			isa = XCBuildConfiguration;
			buildSettings = {
				ASSETCATALOG_COMPILER_APPICON_NAME = AppIcon;
				INFOPLIST_FILE = "WelcomeApp Clase2/Info.plist";
				LD_RUNPATH_SEARCH_PATHS = "$(inherited) @executable_path/Frameworks";
				PRODUCT_BUNDLE_IDENTIFIER = com.impesa.WelcomeApp;
				PRODUCT_NAME = "$(TARGET_NAME)";
				SWIFT_VERSION = 3.0;
				TARGETED_DEVICE_FAMILY = 1;
			};
			name = Release;
		};
/* End XCBuildConfiguration section */

/* Begin XCConfigurationList section */
		EF92D1EA1EC51EE0003CAE67 /* Build configuration list for PBXProject "WelcomeApp Clase2" */ = {
			isa = XCConfigurationList;
			buildConfigurations = (
				EF92D1FF1EC51EE1003CAE67 /* Debug */,
				EF92D2001EC51EE1003CAE67 /* Release */,
			);
			defaultConfigurationIsVisible = 0;
			defaultConfigurationName = Release;
		};
		EF92D2011EC51EE1003CAE67 /* Build configuration list for PBXNativeTarget "WelcomeApp Clase2" */ = {
			isa = XCConfigurationList;
			buildConfigurations = (
				EF92D2021EC51EE1003CAE67 /* Debug */,
				EF92D2031EC51EE1003CAE67 /* Release */,
			);
			defaultConfigurationIsVisible = 0;
		};
/* End XCConfigurationList section */
	};
	rootObject = EF92D1E71EC51EE0003CAE67 /* Project object */;
}
